<?xml version="1.0" encoding="utf-8"?>
<Project ToolsVersion="4.0" xmlns="http://schemas.microsoft.com/developer/msbuild/2003">
  <ItemGroup>
    <Filter Include="Source Files">
      <UniqueIdentifier>{4FC737F1-C7A5-4376-A066-2A32D752A2FF}</UniqueIdentifier>
      <Extensions>cpp;c;cc;cxx;def;odl;idl;hpj;bat;asm;asmx</Extensions>
    </Filter>
    <Filter Include="Header Files">
      <UniqueIdentifier>{93995380-89BD-4b04-88EB-625FBE52EBFB}</UniqueIdentifier>
      <Extensions>h;hpp;hxx;hm;inl;inc;xsd</Extensions>
    </Filter>
    <Filter Include="Resource Files">
      <UniqueIdentifier>{67DA6AB6-F800-4c08-8B7A-83BB121AAD01}</UniqueIdentifier>
      <Extensions>rc;ico;cur;bmp;dlg;rc2;rct;bin;rgs;gif;jpg;jpeg;jpe;resx;tiff;tif;png;wav;mfcribbon-ms</Extensions>
    </Filter>
    <Filter Include="MSA">
      <UniqueIdentifier>{dbc32c48-bcc1-4180-af55-3e6d6d15f72e}</UniqueIdentifier>
    </Filter>
    <Filter Include="MSA\Include">
      <UniqueIdentifier>{943f30ca-6a58-4fa2-9fd1-c4b8b837a240}</UniqueIdentifier>
    </Filter>
    <Filter Include="MSA\src">
      <UniqueIdentifier>{7822a19b-f39f-45a9-af91-c3a0a3577c56}</UniqueIdentifier>
    </Filter>
  </ItemGroup>
  <ItemGroup>
    <ClInclude Include="ReconocedorBasico.h">
      <Filter>Header Files</Filter>
    </ClInclude>
    <ClInclude Include="Reconocedor.h">
      <Filter>Header Files</Filter>
    </ClInclude>
    <ClInclude Include="ListenerMovimiento.h">
      <Filter>Header Files</Filter>
    </ClInclude>
    <ClInclude Include="ListenerGesto.h">
      <Filter>Header Files</Filter>
    </ClInclude>
    <ClInclude Include="Kinect.h">
      <Filter>Header Files</Filter>
    </ClInclude>
    <ClInclude Include="GestoPatron.h">
      <Filter>Header Files</Filter>
    </ClInclude>
    <ClInclude Include="Gesto.h">
      <Filter>Header Files</Filter>
    </ClInclude>
    <ClInclude Include="Aplicacion.h">
      <Filter>Header Files</Filter>
    </ClInclude>
    <ClInclude Include="ListenerReconocedor.h">
      <Filter>Header Files</Filter>
    </ClInclude>
    <ClInclude Include="ListenerJugadorPerdido.h">
      <Filter>Header Files</Filter>
    </ClInclude>
    <ClInclude Include="ListenerJugadorCalibrado.h">
      <Filter>Header Files</Filter>
    </ClInclude>
    <ClInclude Include="Movimiento.h">
      <Filter>Header Files</Filter>
    </ClInclude>
    <ClInclude Include="Subsistema.h">
      <Filter>Header Files</Filter>
    </ClInclude>
    <ClInclude Include="NivelPrueba.h">
      <Filter>Header Files</Filter>
    </ClInclude>
    <ClInclude Include="NivelPrueba2.h">
      <Filter>Header Files</Filter>
    </ClInclude>
    <ClInclude Include="ListenerManoNueva.h">
      <Filter>Header Files</Filter>
    </ClInclude>
    <ClInclude Include="ListenerManoPerdida.h">
      <Filter>Header Files</Filter>
    </ClInclude>
    <ClInclude Include="MiAplicacion.h">
      <Filter>Header Files</Filter>
    </ClInclude>
    <ClInclude Include="Sensor.h">
      <Filter>Header Files</Filter>
    </ClInclude>
    <ClInclude Include="Wrappers.h">
      <Filter>Header Files</Filter>
    </ClInclude>
    <ClInclude Include="OpenNINiTEWrappers.h">
      <Filter>Header Files</Filter>
    </ClInclude>
    <ClInclude Include="GrafoEscenas.h">
      <Filter>Header Files</Filter>
    </ClInclude>
    <ClInclude Include="Escena.h">
      <Filter>Header Files</Filter>
    </ClInclude>
    <ClInclude Include="ListenerJugadorNuevo.h">
      <Filter>Header Files</Filter>
    </ClInclude>
    <ClInclude Include="NivelPrueba3.h">
      <Filter>Header Files</Filter>
    </ClInclude>
    <ClInclude Include="Rendering.h">
      <Filter>Header Files</Filter>
    </ClInclude>
    <ClInclude Include="SubsistemaPrueba.h">
      <Filter>Header Files</Filter>
    </ClInclude>
    <ClInclude Include="Renderizable.h">
      <Filter>Header Files</Filter>
    </ClInclude>
    <ClInclude Include="MenuPrincipal.h">
      <Filter>Header Files</Filter>
    </ClInclude>
    <ClInclude Include="World.h">
      <Filter>Header Files</Filter>
    </ClInclude>
    <ClInclude Include="..\..\..\..\..\..\OpenFrameworks\addons\ofxMSACore-master\src\MSACore.h">
      <Filter>MSA\Include</Filter>
    </ClInclude>
    <ClInclude Include="..\..\..\..\..\..\OpenFrameworks\addons\ofxMSACore-master\src\MSACore-Cinder.h">
      <Filter>MSA\Include</Filter>
    </ClInclude>
    <ClInclude Include="..\..\..\..\..\..\OpenFrameworks\addons\ofxMSACore-master\src\MSACoreCommon.h">
      <Filter>MSA\Include</Filter>
    </ClInclude>
    <ClInclude Include="..\..\..\..\..\..\OpenFrameworks\addons\ofxMSACore-master\src\MSACoreGL.h">
      <Filter>MSA\Include</Filter>
    </ClInclude>
    <ClInclude Include="..\..\..\..\..\..\OpenFrameworks\addons\ofxMSACore-master\src\MSACoreMath.h">
      <Filter>MSA\Include</Filter>
    </ClInclude>
    <ClInclude Include="..\..\..\..\..\..\OpenFrameworks\addons\ofxMSACore-master\src\MSACore-OF.h">
      <Filter>MSA\Include</Filter>
    </ClInclude>
    <ClInclude Include="..\..\..\..\..\..\OpenFrameworks\addons\ofxMSAObjCPointer-master\src\MSAObjCPointer.h">
      <Filter>MSA\Include</Filter>
    </ClInclude>
    <ClInclude Include="..\..\..\..\..\..\OpenFrameworks\addons\ofxMSAPhysics-master\src\MSAPhysics.h">
      <Filter>MSA\Include</Filter>
    </ClInclude>
    <ClInclude Include="..\..\..\..\..\..\OpenFrameworks\addons\ofxMSAPhysics-master\src\MSAPhysics2D.h">
      <Filter>MSA\Include</Filter>
    </ClInclude>
    <ClInclude Include="..\..\..\..\..\..\OpenFrameworks\addons\ofxMSAPhysics-master\src\MSAPhysics3D.h">
      <Filter>MSA\Include</Filter>
    </ClInclude>
    <ClInclude Include="..\..\..\..\..\..\OpenFrameworks\addons\ofxMSAPhysics-master\src\MSAPhysicsAttraction.h">
      <Filter>MSA\Include</Filter>
    </ClInclude>
    <ClInclude Include="..\..\..\..\..\..\OpenFrameworks\addons\ofxMSAPhysics-master\src\MSAPhysicsCallbacks.h">
      <Filter>MSA\Include</Filter>
    </ClInclude>
    <ClInclude Include="..\..\..\..\..\..\OpenFrameworks\addons\ofxMSAPhysics-master\src\MSAPhysicsConstraint.h">
      <Filter>MSA\Include</Filter>
    </ClInclude>
    <ClInclude Include="..\..\..\..\..\..\OpenFrameworks\addons\ofxMSAPhysics-master\src\MSAPhysicsDataRecorder.h">
      <Filter>MSA\Include</Filter>
    </ClInclude>
    <ClInclude Include="..\..\..\..\..\..\OpenFrameworks\addons\ofxMSAPhysics-master\src\MSAPhysicsParams.h">
      <Filter>MSA\Include</Filter>
    </ClInclude>
    <ClInclude Include="..\..\..\..\..\..\OpenFrameworks\addons\ofxMSAPhysics-master\src\MSAPhysicsParticle.h">
      <Filter>MSA\Include</Filter>
    </ClInclude>
    <ClInclude Include="..\..\..\..\..\..\OpenFrameworks\addons\ofxMSAPhysics-master\src\MSAPhysicsParticleDrawer.h">
      <Filter>MSA\Include</Filter>
    </ClInclude>
    <ClInclude Include="..\..\..\..\..\..\OpenFrameworks\addons\ofxMSAPhysics-master\src\MSAPhysicsParticleUpdater.h">
      <Filter>MSA\Include</Filter>
    </ClInclude>
    <ClInclude Include="..\..\..\..\..\..\OpenFrameworks\addons\ofxMSAPhysics-master\src\MSAPhysicsSector.h">
      <Filter>MSA\Include</Filter>
    </ClInclude>
    <ClInclude Include="..\..\..\..\..\..\OpenFrameworks\addons\ofxMSAPhysics-master\src\MSAPhysicsSpring.h">
      <Filter>MSA\Include</Filter>
    </ClInclude>
    <ClInclude Include="..\..\..\..\..\..\OpenFrameworks\addons\ofxMSAPhysics-master\src\MSAPhysicsWorld.h">
      <Filter>MSA\Include</Filter>
    </ClInclude>
    <ClInclude Include="resource.h">
      <Filter>Header Files</Filter>
    </ClInclude>
    <ClInclude Include="Prototipo.h">
      <Filter>Header Files</Filter>
    </ClInclude>
    <ClInclude Include="NivelPercusion1.h">
      <Filter>Header Files</Filter>
    </ClInclude>
  </ItemGroup>
  <ItemGroup>
    <ClCompile Include="ReconocedorBasico.cpp">
      <Filter>Source Files</Filter>
    </ClCompile>
    <ClCompile Include="Reconocedor.cpp">
      <Filter>Source Files</Filter>
    </ClCompile>
    <ClCompile Include="Kinect.cpp">
      <Filter>Source Files</Filter>
    </ClCompile>
    <ClCompile Include="GestoPatron.cpp">
      <Filter>Source Files</Filter>
    </ClCompile>
    <ClCompile Include="Gesto.cpp">
      <Filter>Source Files</Filter>
    </ClCompile>
    <ClCompile Include="Aplicacion.cpp">
      <Filter>Source Files</Filter>
    </ClCompile>
    <ClCompile Include="Movimiento.cpp">
      <Filter>Source Files</Filter>
    </ClCompile>
    <ClCompile Include="main.cpp">
      <Filter>Source Files</Filter>
    </ClCompile>
    <ClCompile Include="NivelPrueba.cpp">
      <Filter>Source Files</Filter>
    </ClCompile>
    <ClCompile Include="NivelPrueba2.cpp">
      <Filter>Source Files</Filter>
    </ClCompile>
    <ClCompile Include="MiAplicacion.cpp">
      <Filter>Source Files</Filter>
    </ClCompile>
    <ClCompile Include="Sensor.cpp">
      <Filter>Source Files</Filter>
    </ClCompile>
    <ClCompile Include="GrafoEscenas.cpp">
      <Filter>Source Files</Filter>
    </ClCompile>
    <ClCompile Include="NivelPrueba3.cpp">
      <Filter>Source Files</Filter>
    </ClCompile>
    <ClCompile Include="Rendering.cpp">
      <Filter>Source Files</Filter>
    </ClCompile>
    <ClCompile Include="SubsistemaPrueba.cpp">
      <Filter>Source Files</Filter>
    </ClCompile>
    <ClCompile Include="MenuPrincipal.cpp">
      <Filter>Source Files</Filter>
    </ClCompile>
    <ClCompile Include="World.cpp">
      <Filter>Source Files</Filter>
    </ClCompile>
    <ClCompile Include="..\..\..\..\..\..\OpenFrameworks\addons\ofxMSAObjCPointer-master\src\MSAObjCPointer.cpp">
      <Filter>MSA\src</Filter>
    </ClCompile>
    <ClCompile Include="..\..\..\..\..\..\OpenFrameworks\addons\ofxMSACore-master\src\MSACoreGL.cpp">
      <Filter>MSA\src</Filter>
    </ClCompile>
    <ClCompile Include="Prototipo.cpp">
      <Filter>Source Files</Filter>
    </ClCompile>
    <ClCompile Include="NivelPercusion1.cpp">
      <Filter>Source Files</Filter>
    </ClCompile>
  </ItemGroup>
  <ItemGroup>
    <None Include="TODO List.txt" />
  </ItemGroup>
  <ItemGroup>
    <ResourceCompile Include="KinectFramework.rc">
      <Filter>Resource Files</Filter>
    </ResourceCompile>
  </ItemGroup>
</Project>